
Microsoft Visual Studio Solution File, Format Version 12.00
# Visual Studio 15
VisualStudioVersion = 15.0.28307.438
MinimumVisualStudioVersion = 10.0.40219.1
Project("{9A19103F-16F7-4668-BE54-9A1E7A4F7556}") = "Ionic.Fun.Music", "Ionic.Fun.Music\Ionic.Fun.Music.csproj", "{50F6A2E2-72FB-48F2-9F96-40D0CB2245E7}"
EndProject
Project("{9A19103F-16F7-4668-BE54-9A1E7A4F7556}") = "Ionic.Fun.MusicSearch", "Ionic.Fun.MusicSearch\Ionic.Fun.MusicSearch.csproj", "{6C167E57-371E-4A5C-ADDA-227960FEEB1F}"
EndProject
Global
	GlobalSection(SolutionConfigurationPlatforms) = preSolution
		Debug|Any CPU = Debug|Any CPU
		Release|Any CPU = Release|Any CPU
	EndGlobalSection
	GlobalSection(ProjectConfigurationPlatforms) = postSolution
		{50F6A2E2-72FB-48F2-9F96-40D0CB2245E7}.Debug|Any CPU.ActiveCfg = Debug|Any CPU
		{50F6A2E2-72FB-48F2-9F96-40D0CB2245E7}.Debug|Any CPU.Build.0 = Debug|Any CPU
		{50F6A2E2-72FB-48F2-9F96-40D0CB2245E7}.Release|Any CPU.ActiveCfg = Release|Any CPU
		{50F6A2E2-72FB-48F2-9F96-40D0CB2245E7}.Release|Any CPU.Build.0 = Release|Any CPU
		{6C167E57-371E-4A5C-ADDA-227960FEEB1F}.Debug|Any CPU.ActiveCfg = Debug|Any CPU
		{6C167E57-371E-4A5C-ADDA-227960FEEB1F}.Debug|Any CPU.Build.0 = Debug|Any CPU
		{6C167E57-371E-4A5C-ADDA-227960FEEB1F}.Release|Any CPU.ActiveCfg = Release|Any CPU
		{6C167E57-371E-4A5C-ADDA-227960FEEB1F}.Release|Any CPU.Build.0 = Release|Any CPU
	EndGlobalSection
	GlobalSection(SolutionProperties) = preSolution
		HideSolutionNode = FALSE
	EndGlobalSection
	GlobalSection(ExtensibilityGlobals) = postSolution
		SolutionGuid = {68A1E499-829C-4E8D-AC6C-82200F59C533}
	EndGlobalSection
EndGlobal
